
Microsoft Visual Studio Solution File, Format Version 12.00
# Visual Studio Version 17
VisualStudioVersion = 17.0.32126.317
MinimumVisualStudioVersion = 10.0.40219.1
Project("{FAE04EC0-301F-11D3-BF4B-00C04F79EFBC}") = "Leap_year", "Leap_year.csproj", "{2E1C675E-5BE7-40DF-A880-5AB1AAF24FCF}"
EndProject
Global
	GlobalSection(SolutionConfigurationPlatforms) = preSolution
		Debug|Any CPU = Debug|Any CPU
		Release|Any CPU = Release|Any CPU
	EndGlobalSection
	GlobalSection(ProjectConfigurationPlatforms) = postSolution
		{2E1C675E-5BE7-40DF-A880-5AB1AAF24FCF}.Debug|Any CPU.ActiveCfg = Debug|Any CPU
		{2E1C675E-5BE7-40DF-A880-5AB1AAF24FCF}.Debug|Any CPU.Build.0 = Debug|Any CPU
		{2E1C675E-5BE7-40DF-A880-5AB1AAF24FCF}.Release|Any CPU.ActiveCfg = Release|Any CPU
		{2E1C675E-5BE7-40DF-A880-5AB1AAF24FCF}.Release|Any CPU.Build.0 = Release|Any CPU
	EndGlobalSection
	GlobalSection(SolutionProperties) = preSolution
		HideSolutionNode = FALSE
	EndGlobalSection
	GlobalSection(ExtensibilityGlobals) = postSolution
		SolutionGuid = {94301912-E999-4896-926E-EFB6AE1132CA}
	EndGlobalSection
EndGlobal
