
Microsoft Visual Studio Solution File, Format Version 12.00
# Visual Studio Version 17
VisualStudioVersion = 17.0.32126.317
MinimumVisualStudioVersion = 10.0.40219.1
Project("{FAE04EC0-301F-11D3-BF4B-00C04F79EFBC}") = "CheckEvenOdd", "CheckEvenOdd.csproj", "{51E6484B-5A74-43FE-B918-716C1A51A830}"
EndProject
Global
	GlobalSection(SolutionConfigurationPlatforms) = preSolution
		Debug|Any CPU = Debug|Any CPU
		Release|Any CPU = Release|Any CPU
	EndGlobalSection
	GlobalSection(ProjectConfigurationPlatforms) = postSolution
		{51E6484B-5A74-43FE-B918-716C1A51A830}.Debug|Any CPU.ActiveCfg = Debug|Any CPU
		{51E6484B-5A74-43FE-B918-716C1A51A830}.Debug|Any CPU.Build.0 = Debug|Any CPU
		{51E6484B-5A74-43FE-B918-716C1A51A830}.Release|Any CPU.ActiveCfg = Release|Any CPU
		{51E6484B-5A74-43FE-B918-716C1A51A830}.Release|Any CPU.Build.0 = Release|Any CPU
	EndGlobalSection
	GlobalSection(SolutionProperties) = preSolution
		HideSolutionNode = FALSE
	EndGlobalSection
	GlobalSection(ExtensibilityGlobals) = postSolution
		SolutionGuid = {2135964A-28EC-4B1C-A0AB-AAE46D0221D9}
	EndGlobalSection
EndGlobal
