
Microsoft Visual Studio Solution File, Format Version 12.00
# Visual Studio Version 17
VisualStudioVersion = 17.0.32126.317
MinimumVisualStudioVersion = 10.0.40219.1
Project("{FAE04EC0-301F-11D3-BF4B-00C04F79EFBC}") = "checkPrime", "checkPrime.csproj", "{241BD0AF-F650-489B-82C5-6238860CAA04}"
EndProject
Global
	GlobalSection(SolutionConfigurationPlatforms) = preSolution
		Debug|Any CPU = Debug|Any CPU
		Release|Any CPU = Release|Any CPU
	EndGlobalSection
	GlobalSection(ProjectConfigurationPlatforms) = postSolution
		{241BD0AF-F650-489B-82C5-6238860CAA04}.Debug|Any CPU.ActiveCfg = Debug|Any CPU
		{241BD0AF-F650-489B-82C5-6238860CAA04}.Debug|Any CPU.Build.0 = Debug|Any CPU
		{241BD0AF-F650-489B-82C5-6238860CAA04}.Release|Any CPU.ActiveCfg = Release|Any CPU
		{241BD0AF-F650-489B-82C5-6238860CAA04}.Release|Any CPU.Build.0 = Release|Any CPU
	EndGlobalSection
	GlobalSection(SolutionProperties) = preSolution
		HideSolutionNode = FALSE
	EndGlobalSection
	GlobalSection(ExtensibilityGlobals) = postSolution
		SolutionGuid = {86522F42-1C94-4A89-BADC-FC19DB38EF74}
	EndGlobalSection
EndGlobal
